uuid: 4c98f424-64c8-4fd4-a75a-54b4ea9e49d8
langcode: sv
status: true
dependencies:
  module:
    - storleden_module
  theme:
    - storledentheme
_core:
  default_config_hash: mnmJ6G7Ap5W0xrY_-cvMb4OIkFoTJ8BSYRRY9xwX4l4
id: screenimagetextblock
theme: storledentheme
region: front_page
weight: -8
provider: null
plugin: screenimagetextblocks
settings:
  id: screenimagetextblocks
  label: 'Screen Image Text Block'
  provider: storleden_module
  label_display: '0'
  screen_text_title:
    value: "<h1 data-animation=\"animated flipInX\">STORLEDEN</h1>\r\n"
    format: full_html
  screen_text: 'hello , word'
  photo: {  }
  link1: ''
  link2: 'Affärssystem , /nod/128'
  link3: 'Avancerad webbplats, /nod/111'
  link4: 'Applikationer, /nod/153'
  link5: ''
  screen_text1:
    value: "<p data-animation=\"animated lightSpeedIn\">Innovativa produkter och tjänster</p>\r\n"
    format: full_html
  screen_text2:
    value: "<p data-animation=\"animated lightSpeedIn\">Concept to realisation</p>\r\n"
    format: full_html
visibility: {  }
